
Microsoft Visual Studio Solution File, Format Version 12.00
# Visual Studio 2012
Project("{8BC9CEB8-8B4A-11D0-8D11-00A0C91BC942}") = "comp", "comp\comp.vcxproj", "{EAFE9765-E6B8-45C2-B3B7-B2BAE5B71E79}"
EndProject
Global
	GlobalSection(SolutionConfigurationPlatforms) = preSolution
		Debug|Win32 = Debug|Win32
		Release|Win32 = Release|Win32
	EndGlobalSection
	GlobalSection(ProjectConfigurationPlatforms) = postSolution
		{EAFE9765-E6B8-45C2-B3B7-B2BAE5B71E79}.Debug|Win32.ActiveCfg = Debug|Win32
		{EAFE9765-E6B8-45C2-B3B7-B2BAE5B71E79}.Debug|Win32.Build.0 = Debug|Win32
		{EAFE9765-E6B8-45C2-B3B7-B2BAE5B71E79}.Release|Win32.ActiveCfg = Release|Win32
		{EAFE9765-E6B8-45C2-B3B7-B2BAE5B71E79}.Release|Win32.Build.0 = Release|Win32
	EndGlobalSection
	GlobalSection(SolutionProperties) = preSolution
		HideSolutionNode = FALSE
	EndGlobalSection
EndGlobal
